// !$*UTF8*$!
{
	archiveVersion = 1;
	classes = {
	};
	objectVersion = 46;
	objects = {

/* Begin PBXBuildFile section */
		43BA76D84D6AEC58D994F7C4 /* libPods-Core_Example_iOS.a in Frameworks */ = {isa = PBXBuildFile; fileRef = EF7045004C2AC8BF60AB0651 /* libPods-Core_Example_iOS.a */; };
		DEE14D7E1E844677006FA992 /* LaunchScreen.storyboard in Resources */ = {isa = PBXBuildFile; fileRef = DEE14D681E844677006FA992 /* LaunchScreen.storyboard */; };
		DEE14D7F1E844677006FA992 /* Main.storyboard in Resources */ = {isa = PBXBuildFile; fileRef = DEE14D6A1E844677006FA992 /* Main.storyboard */; };
		DEE14D811E844677006FA992 /* FIRAppDelegate.m in Sources */ = {isa = PBXBuildFile; fileRef = DEE14D6E1E844677006FA992 /* FIRAppDelegate.m */; };
		DEE14D821E844677006FA992 /* FIRViewController.m in Sources */ = {isa = PBXBuildFile; fileRef = DEE14D701E844677006FA992 /* FIRViewController.m */; };
		DEE14D831E844677006FA992 /* GoogleService-Info.plist in Resources */ = {isa = PBXBuildFile; fileRef = DEE14D711E844677006FA992 /* GoogleService-Info.plist */; };
		DEE14D851E844677006FA992 /* main.m in Sources */ = {isa = PBXBuildFile; fileRef = DEE14D731E844677006FA992 /* main.m */; };
/* End PBXBuildFile section */

/* Begin PBXFileReference section */
		018F5A73A5594B2BFB86FA4F /* Pods_Storage_Tests_iOS.framework */ = {isa = PBXFileReference; explicitFileType = wrapper.framework; includeInIndex = 0; path = Pods_Storage_Tests_iOS.framework; sourceTree = BUILT_PRODUCTS_DIR; };
		0FBAE5798DCB94C9906773C4 /* Pods_Database_IntegrationTests_iOS.framework */ = {isa = PBXFileReference; explicitFileType = wrapper.framework; includeInIndex = 0; path = Pods_Database_IntegrationTests_iOS.framework; sourceTree = BUILT_PRODUCTS_DIR; };
		17F892411CC47BA46C897425 /* libPods-Core_Tests_iOS.a */ = {isa = PBXFileReference; explicitFileType = archive.ar; includeInIndex = 0; path = "libPods-Core_Tests_iOS.a"; sourceTree = BUILT_PRODUCTS_DIR; };
		3B67241DF1B67275CA11683A /* Pods_Auth_Example_macOS.framework */ = {isa = PBXFileReference; explicitFileType = wrapper.framework; includeInIndex = 0; path = Pods_Auth_Example_macOS.framework; sourceTree = BUILT_PRODUCTS_DIR; };
		439101D8922AE9DC78897FA1 /* Pods_Database_IntegrationTests_macOS.framework */ = {isa = PBXFileReference; explicitFileType = wrapper.framework; includeInIndex = 0; path = Pods_Database_IntegrationTests_macOS.framework; sourceTree = BUILT_PRODUCTS_DIR; };
		491500C8507A3B80D6FE1B61 /* Pods_Core_Example_macOS.framework */ = {isa = PBXFileReference; explicitFileType = wrapper.framework; includeInIndex = 0; path = Pods_Core_Example_macOS.framework; sourceTree = BUILT_PRODUCTS_DIR; };
		4F902A29FA956ADD762F6921 /* Pods_Messaging_Tests_iOS.framework */ = {isa = PBXFileReference; explicitFileType = wrapper.framework; includeInIndex = 0; path = Pods_Messaging_Tests_iOS.framework; sourceTree = BUILT_PRODUCTS_DIR; };
		5C85D77EF5F0AC7EB04FFEE6 /* Pods_Auth_Example_iOS.framework */ = {isa = PBXFileReference; explicitFileType = wrapper.framework; includeInIndex = 0; path = Pods_Auth_Example_iOS.framework; sourceTree = BUILT_PRODUCTS_DIR; };
		5EA05A554FC35E7C5F8E5CA9 /* Pods_Storage_Example_iOS.framework */ = {isa = PBXFileReference; explicitFileType = wrapper.framework; includeInIndex = 0; path = Pods_Storage_Example_iOS.framework; sourceTree = BUILT_PRODUCTS_DIR; };
		5ECB335A2721006A272B6319 /* Pods_Core_Tests_macOS.framework */ = {isa = PBXFileReference; explicitFileType = wrapper.framework; includeInIndex = 0; path = Pods_Core_Tests_macOS.framework; sourceTree = BUILT_PRODUCTS_DIR; };
		6003F58D195388D20070C39A /* Foundation.framework */ = {isa = PBXFileReference; lastKnownFileType = wrapper.framework; name = Foundation.framework; path = System/Library/Frameworks/Foundation.framework; sourceTree = SDKROOT; };
		6003F58F195388D20070C39A /* CoreGraphics.framework */ = {isa = PBXFileReference; lastKnownFileType = wrapper.framework; name = CoreGraphics.framework; path = System/Library/Frameworks/CoreGraphics.framework; sourceTree = SDKROOT; };
		6003F591195388D20070C39A /* UIKit.framework */ = {isa = PBXFileReference; lastKnownFileType = wrapper.framework; name = UIKit.framework; path = System/Library/Frameworks/UIKit.framework; sourceTree = SDKROOT; };
		66C8AD396012BCC0A5112A85 /* Pods_Auth_Tests_macOS.framework */ = {isa = PBXFileReference; explicitFileType = wrapper.framework; includeInIndex = 0; path = Pods_Auth_Tests_macOS.framework; sourceTree = BUILT_PRODUCTS_DIR; };
		6A755474C372E792A35598FE /* Pods_Messaging_Example_iOS.framework */ = {isa = PBXFileReference; explicitFileType = wrapper.framework; includeInIndex = 0; path = Pods_Messaging_Example_iOS.framework; sourceTree = BUILT_PRODUCTS_DIR; };
		6F7376F39846E902979416D4 /* Pods_Database_Example_iOS.framework */ = {isa = PBXFileReference; explicitFileType = wrapper.framework; includeInIndex = 0; path = Pods_Database_Example_iOS.framework; sourceTree = BUILT_PRODUCTS_DIR; };
		73B480AA654FC97FA72C6293 /* Pods_Storage_Example_macOS.framework */ = {isa = PBXFileReference; explicitFileType = wrapper.framework; includeInIndex = 0; path = Pods_Storage_Example_macOS.framework; sourceTree = BUILT_PRODUCTS_DIR; };
		81E83B5ABAE219234F213B27 /* Pods_Database_Tests_iOS.framework */ = {isa = PBXFileReference; explicitFileType = wrapper.framework; includeInIndex = 0; path = Pods_Database_Tests_iOS.framework; sourceTree = BUILT_PRODUCTS_DIR; };
		8496034D8156555C5FCF8F14 /* README.md */ = {isa = PBXFileReference; includeInIndex = 1; lastKnownFileType = net.daringfireball.markdown; name = README.md; path = ../README.md; sourceTree = "<group>"; };
		88F663265024D7EE7A9D9706 /* Pods_Storage_Tests_macOS.framework */ = {isa = PBXFileReference; explicitFileType = wrapper.framework; includeInIndex = 0; path = Pods_Storage_Tests_macOS.framework; sourceTree = BUILT_PRODUCTS_DIR; };
		8D6342869F0562D44DB08B3E /* Pods-Core_Example_iOS.debug.xcconfig */ = {isa = PBXFileReference; includeInIndex = 1; lastKnownFileType = text.xcconfig; name = "Pods-Core_Example_iOS.debug.xcconfig"; path = "Pods/Target Support Files/Pods-Core_Example_iOS/Pods-Core_Example_iOS.debug.xcconfig"; sourceTree = "<group>"; };
		97768125F45377F35CA86EDC /* Pods_Database_Tests_macOS.framework */ = {isa = PBXFileReference; explicitFileType = wrapper.framework; includeInIndex = 0; path = Pods_Database_Tests_macOS.framework; sourceTree = BUILT_PRODUCTS_DIR; };
		9F0AFFA90A9C1A9D334B0564 /* Pods-Core_Example_iOS.release.xcconfig */ = {isa = PBXFileReference; includeInIndex = 1; lastKnownFileType = text.xcconfig; name = "Pods-Core_Example_iOS.release.xcconfig"; path = "Pods/Target Support Files/Pods-Core_Example_iOS/Pods-Core_Example_iOS.release.xcconfig"; sourceTree = "<group>"; };
		BE87180EF72455631F684021 /* Pods_Database_Example_macOS.framework */ = {isa = PBXFileReference; explicitFileType = wrapper.framework; includeInIndex = 0; path = Pods_Database_Example_macOS.framework; sourceTree = BUILT_PRODUCTS_DIR; };
		C1C9B9A9F39B3A2C4620B31D /* Pods_Storage_IntegrationTests_iOS.framework */ = {isa = PBXFileReference; explicitFileType = wrapper.framework; includeInIndex = 0; path = Pods_Storage_IntegrationTests_iOS.framework; sourceTree = BUILT_PRODUCTS_DIR; };
		CECEF04E3B788FA2FA9B29F1 /* Pods_Auth_Tests_iOS.framework */ = {isa = PBXFileReference; explicitFileType = wrapper.framework; includeInIndex = 0; path = Pods_Auth_Tests_iOS.framework; sourceTree = BUILT_PRODUCTS_DIR; };
		D064E6981ED9B1BF001956DF /* FIRAppDelegate.h */ = {isa = PBXFileReference; lastKnownFileType = sourcecode.c.h; path = FIRAppDelegate.h; sourceTree = "<group>"; };
		D064E6991ED9B1BF001956DF /* FIRAppDelegate.m */ = {isa = PBXFileReference; lastKnownFileType = sourcecode.c.objc; path = FIRAppDelegate.m; sourceTree = "<group>"; };
		D064E69C1ED9B1BF001956DF /* main.m */ = {isa = PBXFileReference; lastKnownFileType = sourcecode.c.objc; path = main.m; sourceTree = "<group>"; };
		D064E69E1ED9B1BF001956DF /* FIRViewController.h */ = {isa = PBXFileReference; lastKnownFileType = sourcecode.c.h; path = FIRViewController.h; sourceTree = "<group>"; };
		D064E69F1ED9B1BF001956DF /* FIRViewController.m */ = {isa = PBXFileReference; lastKnownFileType = sourcecode.c.objc; path = FIRViewController.m; sourceTree = "<group>"; };
		D064E6A41ED9B1BF001956DF /* Base */ = {isa = PBXFileReference; lastKnownFileType = file.storyboard; name = Base; path = Base.lproj/Main.storyboard; sourceTree = "<group>"; };
		D064E6A61ED9B1BF001956DF /* Core-Info.plist */ = {isa = PBXFileReference; lastKnownFileType = text.plist.xml; path = "Core-Info.plist"; sourceTree = "<group>"; };
		D090052D1EDB2FA300154410 /* FirebaseCommunity.framework */ = {isa = PBXFileReference; lastKnownFileType = wrapper.framework; name = FirebaseCommunity.framework; path = "FirebaseCommunity-Auth-Core-Root-iOS/FirebaseCommunity.framework"; sourceTree = BUILT_PRODUCTS_DIR; };
		D090054E1EDB366100154410 /* FirebaseCommunity.framework */ = {isa = PBXFileReference; lastKnownFileType = wrapper.framework; name = FirebaseCommunity.framework; path = "FirebaseCommunity-Auth-Core-Root-OSX/FirebaseCommunity.framework"; sourceTree = BUILT_PRODUCTS_DIR; };
		D09005521EDB36BD00154410 /* FirebaseCommunity.framework */ = {isa = PBXFileReference; lastKnownFileType = wrapper.framework; name = FirebaseCommunity.framework; path = "FirebaseCommunity-Core-Root-iOS/FirebaseCommunity.framework"; sourceTree = BUILT_PRODUCTS_DIR; };
		D09005541EDB36DB00154410 /* FirebaseCommunity.framework */ = {isa = PBXFileReference; lastKnownFileType = wrapper.framework; name = FirebaseCommunity.framework; path = "FirebaseCommunity-Core-Root-Storage-OSX/FirebaseCommunity.framework"; sourceTree = BUILT_PRODUCTS_DIR; };
		D09005561EDB36ED00154410 /* FirebaseCommunity.framework */ = {isa = PBXFileReference; lastKnownFileType = wrapper.framework; name = FirebaseCommunity.framework; path = "FirebaseCommunity-Core-Database-Root-iOS/FirebaseCommunity.framework"; sourceTree = BUILT_PRODUCTS_DIR; };
		D090055B1EDB372000154410 /* FirebaseCommunity.framework */ = {isa = PBXFileReference; lastKnownFileType = wrapper.framework; name = FirebaseCommunity.framework; path = "FirebaseCommunity-Core-Database-Root-OSX/FirebaseCommunity.framework"; sourceTree = BUILT_PRODUCTS_DIR; };
		D090055E1EDB372E00154410 /* FirebaseCommunity.framework */ = {isa = PBXFileReference; lastKnownFileType = wrapper.framework; name = FirebaseCommunity.framework; path = "FirebaseCommunity-Core-Messaging-Root/FirebaseCommunity.framework"; sourceTree = BUILT_PRODUCTS_DIR; };
		D09005661EDB37A600154410 /* FirebaseCommunity.framework */ = {isa = PBXFileReference; lastKnownFileType = wrapper.framework; name = FirebaseCommunity.framework; path = "FirebaseCommunity-Core-Root-Storage-iOS/FirebaseCommunity.framework"; sourceTree = BUILT_PRODUCTS_DIR; };
		D09005691EDB37B600154410 /* FirebaseCommunity.framework */ = {isa = PBXFileReference; lastKnownFileType = wrapper.framework; name = FirebaseCommunity.framework; path = "FirebaseCommunity-Core-Root-OSX/FirebaseCommunity.framework"; sourceTree = BUILT_PRODUCTS_DIR; };
		DE45C6641E7DA8CB009E6ACD /* XCTest.framework */ = {isa = PBXFileReference; lastKnownFileType = wrapper.framework; name = XCTest.framework; path = Platforms/iPhoneOS.platform/Developer/Library/Frameworks/XCTest.framework; sourceTree = DEVELOPER_DIR; };
		DE4E711A1E953ABC00070092 /* FirebaseCommunity.podspec */ = {isa = PBXFileReference; fileEncoding = 4; lastKnownFileType = text; name = FirebaseCommunity.podspec; path = ../FirebaseCommunity.podspec; sourceTree = "<group>"; };
		DEB61E781E7C542600C04B96 /* libsqlite3.tbd */ = {isa = PBXFileReference; lastKnownFileType = "sourcecode.text-based-dylib-definition"; name = libsqlite3.tbd; path = usr/lib/libsqlite3.tbd; sourceTree = SDKROOT; };
		DEE14D411E84464D006FA992 /* Core_Example_iOS.app */ = {isa = PBXFileReference; explicitFileType = wrapper.application; includeInIndex = 0; path = Core_Example_iOS.app; sourceTree = BUILT_PRODUCTS_DIR; };
		DEE14D691E844677006FA992 /* Base */ = {isa = PBXFileReference; lastKnownFileType = file.storyboard; name = Base; path = Base.lproj/LaunchScreen.storyboard; sourceTree = "<group>"; };
		DEE14D6B1E844677006FA992 /* Base */ = {isa = PBXFileReference; lastKnownFileType = file.storyboard; name = Base; path = Base.lproj/Main.storyboard; sourceTree = "<group>"; };
		DEE14D6C1E844677006FA992 /* Core-Info.plist */ = {isa = PBXFileReference; fileEncoding = 4; lastKnownFileType = text.plist.xml; path = "Core-Info.plist"; sourceTree = "<group>"; };
		DEE14D6D1E844677006FA992 /* FIRAppDelegate.h */ = {isa = PBXFileReference; fileEncoding = 4; lastKnownFileType = sourcecode.c.h; path = FIRAppDelegate.h; sourceTree = "<group>"; };
		DEE14D6E1E844677006FA992 /* FIRAppDelegate.m */ = {isa = PBXFileReference; fileEncoding = 4; lastKnownFileType = sourcecode.c.objc; path = FIRAppDelegate.m; sourceTree = "<group>"; };
		DEE14D6F1E844677006FA992 /* FIRViewController.h */ = {isa = PBXFileReference; fileEncoding = 4; lastKnownFileType = sourcecode.c.h; path = FIRViewController.h; sourceTree = "<group>"; };
		DEE14D701E844677006FA992 /* FIRViewController.m */ = {isa = PBXFileReference; fileEncoding = 4; lastKnownFileType = sourcecode.c.objc; path = FIRViewController.m; sourceTree = "<group>"; };
		DEE14D711E844677006FA992 /* GoogleService-Info.plist */ = {isa = PBXFileReference; fileEncoding = 4; lastKnownFileType = text.plist.xml; path = "GoogleService-Info.plist"; sourceTree = "<group>"; };
		DEE14D731E844677006FA992 /* main.m */ = {isa = PBXFileReference; fileEncoding = 4; lastKnownFileType = sourcecode.c.objc; path = main.m; sourceTree = "<group>"; };
		E1DB278AD387CAB5D57BF135 /* Pods_Storage_IntegrationTests_macOS.framework */ = {isa = PBXFileReference; explicitFileType = wrapper.framework; includeInIndex = 0; path = Pods_Storage_IntegrationTests_macOS.framework; sourceTree = BUILT_PRODUCTS_DIR; };
		E2C2834C90DBAB56D568189F /* LICENSE */ = {isa = PBXFileReference; includeInIndex = 1; lastKnownFileType = text; name = LICENSE; path = ../LICENSE; sourceTree = "<group>"; };
		EF7045004C2AC8BF60AB0651 /* libPods-Core_Example_iOS.a */ = {isa = PBXFileReference; explicitFileType = archive.ar; includeInIndex = 0; path = "libPods-Core_Example_iOS.a"; sourceTree = BUILT_PRODUCTS_DIR; };
/* End PBXFileReference section */

/* Begin PBXFrameworksBuildPhase section */
		DEE14D3E1E84464D006FA992 /* Frameworks */ = {
			isa = PBXFrameworksBuildPhase;
			buildActionMask = 2147483647;
			files = (
				43BA76D84D6AEC58D994F7C4 /* libPods-Core_Example_iOS.a in Frameworks */,
			);
			runOnlyForDeploymentPostprocessing = 0;
		};
/* End PBXFrameworksBuildPhase section */

/* Begin PBXGroup section */
		6003F581195388D10070C39A = {
			isa = PBXGroup;
			children = (
				60FF7A9C1954A5C5007DD14C /* Podspec Metadata */,
				DEE14D661E844677006FA992 /* Core */,
				6003F58C195388D20070C39A /* Frameworks */,
				6003F58B195388D20070C39A /* Products */,
				AE25F8B7BBCD580A43061D0D /* Pods */,
			);
			sourceTree = "<group>";
		};
		6003F58B195388D20070C39A /* Products */ = {
			isa = PBXGroup;
			children = (
				DEE14D411E84464D006FA992 /* Core_Example_iOS.app */,
			);
			name = Products;
			sourceTree = "<group>";
		};
		6003F58C195388D20070C39A /* Frameworks */ = {
			isa = PBXGroup;
			children = (
				D09005691EDB37B600154410 /* FirebaseCommunity.framework */,
				D09005661EDB37A600154410 /* FirebaseCommunity.framework */,
				D090055E1EDB372E00154410 /* FirebaseCommunity.framework */,
				D090055B1EDB372000154410 /* FirebaseCommunity.framework */,
				D09005561EDB36ED00154410 /* FirebaseCommunity.framework */,
				D09005541EDB36DB00154410 /* FirebaseCommunity.framework */,
				D09005521EDB36BD00154410 /* FirebaseCommunity.framework */,
				D090054E1EDB366100154410 /* FirebaseCommunity.framework */,
				D090052D1EDB2FA300154410 /* FirebaseCommunity.framework */,
				DE45C6641E7DA8CB009E6ACD /* XCTest.framework */,
				DEB61E781E7C542600C04B96 /* libsqlite3.tbd */,
				6003F58D195388D20070C39A /* Foundation.framework */,
				6003F58F195388D20070C39A /* CoreGraphics.framework */,
				6003F591195388D20070C39A /* UIKit.framework */,
				5C85D77EF5F0AC7EB04FFEE6 /* Pods_Auth_Example_iOS.framework */,
				3B67241DF1B67275CA11683A /* Pods_Auth_Example_macOS.framework */,
				CECEF04E3B788FA2FA9B29F1 /* Pods_Auth_Tests_iOS.framework */,
				66C8AD396012BCC0A5112A85 /* Pods_Auth_Tests_macOS.framework */,
				491500C8507A3B80D6FE1B61 /* Pods_Core_Example_macOS.framework */,
				5ECB335A2721006A272B6319 /* Pods_Core_Tests_macOS.framework */,
				6F7376F39846E902979416D4 /* Pods_Database_Example_iOS.framework */,
				BE87180EF72455631F684021 /* Pods_Database_Example_macOS.framework */,
				0FBAE5798DCB94C9906773C4 /* Pods_Database_IntegrationTests_iOS.framework */,
				439101D8922AE9DC78897FA1 /* Pods_Database_IntegrationTests_macOS.framework */,
				81E83B5ABAE219234F213B27 /* Pods_Database_Tests_iOS.framework */,
				97768125F45377F35CA86EDC /* Pods_Database_Tests_macOS.framework */,
				6A755474C372E792A35598FE /* Pods_Messaging_Example_iOS.framework */,
				4F902A29FA956ADD762F6921 /* Pods_Messaging_Tests_iOS.framework */,
				5EA05A554FC35E7C5F8E5CA9 /* Pods_Storage_Example_iOS.framework */,
				73B480AA654FC97FA72C6293 /* Pods_Storage_Example_macOS.framework */,
				C1C9B9A9F39B3A2C4620B31D /* Pods_Storage_IntegrationTests_iOS.framework */,
				E1DB278AD387CAB5D57BF135 /* Pods_Storage_IntegrationTests_macOS.framework */,
				018F5A73A5594B2BFB86FA4F /* Pods_Storage_Tests_iOS.framework */,
				88F663265024D7EE7A9D9706 /* Pods_Storage_Tests_macOS.framework */,
				EF7045004C2AC8BF60AB0651 /* libPods-Core_Example_iOS.a */,
				17F892411CC47BA46C897425 /* libPods-Core_Tests_iOS.a */,
			);
			name = Frameworks;
			sourceTree = "<group>";
		};
		60FF7A9C1954A5C5007DD14C /* Podspec Metadata */ = {
			isa = PBXGroup;
			children = (
				DE4E711A1E953ABC00070092 /* FirebaseCommunity.podspec */,
				8496034D8156555C5FCF8F14 /* README.md */,
				E2C2834C90DBAB56D568189F /* LICENSE */,
			);
			name = "Podspec Metadata";
			sourceTree = "<group>";
		};
		AE25F8B7BBCD580A43061D0D /* Pods */ = {
			isa = PBXGroup;
			children = (
				8D6342869F0562D44DB08B3E /* Pods-Core_Example_iOS.debug.xcconfig */,
				9F0AFFA90A9C1A9D334B0564 /* Pods-Core_Example_iOS.release.xcconfig */,
			);
			name = Pods;
			sourceTree = "<group>";
		};
		D0D857F61ED9ADA8002342D2 /* iOS */ = {
			isa = PBXGroup;
			children = (
				DEE14D681E844677006FA992 /* LaunchScreen.storyboard */,
				DEE14D6A1E844677006FA992 /* Main.storyboard */,
				DEE14D6C1E844677006FA992 /* Core-Info.plist */,
				DEE14D6D1E844677006FA992 /* FIRAppDelegate.h */,
				DEE14D6E1E844677006FA992 /* FIRAppDelegate.m */,
				DEE14D6F1E844677006FA992 /* FIRViewController.h */,
				DEE14D701E844677006FA992 /* FIRViewController.m */,
				DEE14D731E844677006FA992 /* main.m */,
			);
			path = iOS;
			sourceTree = "<group>";
		};
		D0D857F71ED9ADAE002342D2 /* macOS */ = {
			isa = PBXGroup;
			children = (
				D064E6981ED9B1BF001956DF /* FIRAppDelegate.h */,
				D064E6991ED9B1BF001956DF /* FIRAppDelegate.m */,
				D064E69E1ED9B1BF001956DF /* FIRViewController.h */,
				D064E69F1ED9B1BF001956DF /* FIRViewController.m */,
				D064E6A31ED9B1BF001956DF /* Main.storyboard */,
				D064E6A61ED9B1BF001956DF /* Core-Info.plist */,
				D064E69C1ED9B1BF001956DF /* main.m */,
			);
			path = macOS;
			sourceTree = "<group>";
		};
		DEE14D661E844677006FA992 /* Core */ = {
			isa = PBXGroup;
			children = (
				DEE14D671E844677006FA992 /* App */,
			);
			path = Core;
			sourceTree = "<group>";
		};
		DEE14D671E844677006FA992 /* App */ = {
			isa = PBXGroup;
			children = (
				DEE14D711E844677006FA992 /* GoogleService-Info.plist */,
				D0D857F71ED9ADAE002342D2 /* macOS */,
				D0D857F61ED9ADA8002342D2 /* iOS */,
			);
			path = App;
			sourceTree = "<group>";
		};
/* End PBXGroup section */

/* Begin PBXNativeTarget section */
		DEE14D401E84464D006FA992 /* Core_Example_iOS */ = {
			isa = PBXNativeTarget;
			buildConfigurationList = DEE14D641E84464D006FA992 /* Build configuration list for PBXNativeTarget "Core_Example_iOS" */;
			buildPhases = (
				B66F9F8E9BF747B1F447D6C0 /* [CP] Check Pods Manifest.lock */,
				DEE14D3D1E84464D006FA992 /* Sources */,
				DEE14D3E1E84464D006FA992 /* Frameworks */,
				DEE14D3F1E84464D006FA992 /* Resources */,
				397CA4D128D5F736D2FC1476 /* [CP] Embed Pods Frameworks */,
				B5EBB1596041B87C01906583 /* [CP] Copy Pods Resources */,
			);
			buildRules = (
			);
			dependencies = (
			);
			name = Core_Example_iOS;
			productName = Core_Example;
			productReference = DEE14D411E84464D006FA992 /* Core_Example_iOS.app */;
			productType = "com.apple.product-type.application";
		};
/* End PBXNativeTarget section */

/* Begin PBXProject section */
		6003F582195388D10070C39A /* Project object */ = {
			isa = PBXProject;
			attributes = {
				CLASSPREFIX = FIR;
				LastSwiftUpdateCheck = 0830;
				LastUpgradeCheck = 0820;
				ORGANIZATIONNAME = Google;
				TargetAttributes = {
					DEE14D401E84464D006FA992 = {
						CreatedOnToolsVersion = 8.2.1;
						DevelopmentTeam = EQHXZ8M8AV;
						ProvisioningStyle = Automatic;
					};
				};
			};
			buildConfigurationList = 6003F585195388D10070C39A /* Build configuration list for PBXProject "Firebase" */;
			compatibilityVersion = "Xcode 3.2";
			developmentRegion = English;
			hasScannedForEncodings = 0;
			knownRegions = (
				en,
				Base,
			);
			mainGroup = 6003F581195388D10070C39A;
			productRefGroup = 6003F58B195388D20070C39A /* Products */;
			projectDirPath = "";
			projectRoot = "";
			targets = (
				DEE14D401E84464D006FA992 /* Core_Example_iOS */,
			);
		};
/* End PBXProject section */

/* Begin PBXResourcesBuildPhase section */
		DEE14D3F1E84464D006FA992 /* Resources */ = {
			isa = PBXResourcesBuildPhase;
			buildActionMask = 2147483647;
			files = (
				DEE14D831E844677006FA992 /* GoogleService-Info.plist in Resources */,
				DEE14D7E1E844677006FA992 /* LaunchScreen.storyboard in Resources */,
				DEE14D7F1E844677006FA992 /* Main.storyboard in Resources */,
			);
			runOnlyForDeploymentPostprocessing = 0;
		};
/* End PBXResourcesBuildPhase section */

/* Begin PBXShellScriptBuildPhase section */
		397CA4D128D5F736D2FC1476 /* [CP] Embed Pods Frameworks */ = {
			isa = PBXShellScriptBuildPhase;
			buildActionMask = 2147483647;
			files = (
			);
			inputPaths = (
				"${SRCROOT}/Pods/Target Support Files/Pods-Core_Example_iOS/Pods-Core_Example_iOS-frameworks.sh",
				"${BUILT_PRODUCTS_DIR}/FirebaseCommunity/FirebaseCommunity.framework",
				"${BUILT_PRODUCTS_DIR}/GoogleToolboxForMac/GoogleToolboxForMac.framework",
			);
			name = "[CP] Embed Pods Frameworks";
			outputPaths = (
				"${TARGET_BUILD_DIR}/${FRAMEWORKS_FOLDER_PATH}/FirebaseCommunity.framework",
				"${TARGET_BUILD_DIR}/${FRAMEWORKS_FOLDER_PATH}/GoogleToolboxForMac.framework",
			);
			runOnlyForDeploymentPostprocessing = 0;
			shellPath = /bin/sh;
			shellScript = "\"${SRCROOT}/Pods/Target Support Files/Pods-Core_Example_iOS/Pods-Core_Example_iOS-frameworks.sh\"\n";
			showEnvVarsInLog = 0;
		};
		B5EBB1596041B87C01906583 /* [CP] Copy Pods Resources */ = {
			isa = PBXShellScriptBuildPhase;
			buildActionMask = 2147483647;
			files = (
			);
			inputPaths = (
			);
			name = "[CP] Copy Pods Resources";
			outputPaths = (
			);
			runOnlyForDeploymentPostprocessing = 0;
			shellPath = /bin/sh;
			shellScript = "\"${SRCROOT}/Pods/Target Support Files/Pods-Core_Example_iOS/Pods-Core_Example_iOS-resources.sh\"\n";
			showEnvVarsInLog = 0;
		};
		B66F9F8E9BF747B1F447D6C0 /* [CP] Check Pods Manifest.lock */ = {
			isa = PBXShellScriptBuildPhase;
			buildActionMask = 2147483647;
			files = (
			);
			inputPaths = (
				"${PODS_PODFILE_DIR_PATH}/Podfile.lock",
				"${PODS_ROOT}/Manifest.lock",
			);
			name = "[CP] Check Pods Manifest.lock";
			outputPaths = (
				"$(DERIVED_FILE_DIR)/Pods-Core_Example_iOS-checkManifestLockResult.txt",
			);
			runOnlyForDeploymentPostprocessing = 0;
			shellPath = /bin/sh;
			shellScript = "diff \"${PODS_PODFILE_DIR_PATH}/Podfile.lock\" \"${PODS_ROOT}/Manifest.lock\" > /dev/null\nif [ $? != 0 ] ; then\n    # print error to STDERR\n    echo \"error: The sandbox is not in sync with the Podfile.lock. Run 'pod install' or update your CocoaPods installation.\" >&2\n    exit 1\nfi\n# This output is used by Xcode 'outputs' to avoid re-running this script phase.\necho \"SUCCESS\" > \"${SCRIPT_OUTPUT_FILE_0}\"\n";
			showEnvVarsInLog = 0;
		};
/* End PBXShellScriptBuildPhase section */

/* Begin PBXSourcesBuildPhase section */
		DEE14D3D1E84464D006FA992 /* Sources */ = {
			isa = PBXSourcesBuildPhase;
			buildActionMask = 2147483647;
			files = (
				DEE14D821E844677006FA992 /* FIRViewController.m in Sources */,
				DEE14D851E844677006FA992 /* main.m in Sources */,
				DEE14D811E844677006FA992 /* FIRAppDelegate.m in Sources */,
			);
			runOnlyForDeploymentPostprocessing = 0;
		};
/* End PBXSourcesBuildPhase section */

/* Begin PBXVariantGroup section */
		D064E6A31ED9B1BF001956DF /* Main.storyboard */ = {
			isa = PBXVariantGroup;
			children = (
				D064E6A41ED9B1BF001956DF /* Base */,
			);
			name = Main.storyboard;
			sourceTree = "<group>";
		};
		DEE14D681E844677006FA992 /* LaunchScreen.storyboard */ = {
			isa = PBXVariantGroup;
			children = (
				DEE14D691E844677006FA992 /* Base */,
			);
			name = LaunchScreen.storyboard;
			sourceTree = "<group>";
		};
		DEE14D6A1E844677006FA992 /* Main.storyboard */ = {
			isa = PBXVariantGroup;
			children = (
				DEE14D6B1E844677006FA992 /* Base */,
			);
			name = Main.storyboard;
			sourceTree = "<group>";
		};
/* End PBXVariantGroup section */

/* Begin XCBuildConfiguration section */
		6003F5BD195388D20070C39A /* Debug */ = {
			isa = XCBuildConfiguration;
			buildSettings = {
				ALWAYS_SEARCH_USER_PATHS = NO;
				CLANG_CXX_LANGUAGE_STANDARD = "gnu++0x";
				CLANG_CXX_LIBRARY = "libc++";
				CLANG_ENABLE_MODULES = YES;
				CLANG_ENABLE_OBJC_ARC = YES;
				CLANG_WARN_BOOL_CONVERSION = YES;
				CLANG_WARN_CONSTANT_CONVERSION = YES;
				CLANG_WARN_DIRECT_OBJC_ISA_USAGE = YES_ERROR;
				CLANG_WARN_EMPTY_BODY = YES;
				CLANG_WARN_ENUM_CONVERSION = YES;
				CLANG_WARN_INFINITE_RECURSION = YES;
				CLANG_WARN_INT_CONVERSION = YES;
				CLANG_WARN_OBJC_ROOT_CLASS = YES_ERROR;
				CLANG_WARN_SUSPICIOUS_MOVE = YES;
				CLANG_WARN_UNREACHABLE_CODE = YES;
				CLANG_WARN__DUPLICATE_METHOD_MATCH = YES;
				COPY_PHASE_STRIP = NO;
				ENABLE_STRICT_OBJC_MSGSEND = YES;
				ENABLE_TESTABILITY = YES;
				GCC_C_LANGUAGE_STANDARD = gnu99;
				GCC_DYNAMIC_NO_PIC = NO;
				GCC_NO_COMMON_BLOCKS = YES;
				GCC_OPTIMIZATION_LEVEL = 0;
				GCC_PREPROCESSOR_DEFINITIONS = (
					"DEBUG=1",
					"$(inherited)",
				);
				GCC_SYMBOLS_PRIVATE_EXTERN = NO;
				GCC_WARN_64_TO_32_BIT_CONVERSION = YES;
				GCC_WARN_ABOUT_RETURN_TYPE = YES_ERROR;
				GCC_WARN_UNDECLARED_SELECTOR = YES;
				GCC_WARN_UNINITIALIZED_AUTOS = YES_AGGRESSIVE;
				GCC_WARN_UNUSED_FUNCTION = YES;
				GCC_WARN_UNUSED_VARIABLE = YES;
				IPHONEOS_DEPLOYMENT_TARGET = 8.0;
				MACOSX_DEPLOYMENT_TARGET = 10.10;
				ONLY_ACTIVE_ARCH = YES;
				SDKROOT = iphoneos;
				TARGETED_DEVICE_FAMILY = "1,2";
			};
			name = Debug;
		};
		6003F5BE195388D20070C39A /* Release */ = {
			isa = XCBuildConfiguration;
			buildSettings = {
				ALWAYS_SEARCH_USER_PATHS = NO;
				CLANG_CXX_LANGUAGE_STANDARD = "gnu++0x";
				CLANG_CXX_LIBRARY = "libc++";
				CLANG_ENABLE_MODULES = YES;
				CLANG_ENABLE_OBJC_ARC = YES;
				CLANG_WARN_BOOL_CONVERSION = YES;
				CLANG_WARN_CONSTANT_CONVERSION = YES;
				CLANG_WARN_DIRECT_OBJC_ISA_USAGE = YES_ERROR;
				CLANG_WARN_EMPTY_BODY = YES;
				CLANG_WARN_ENUM_CONVERSION = YES;
				CLANG_WARN_INFINITE_RECURSION = YES;
				CLANG_WARN_INT_CONVERSION = YES;
				CLANG_WARN_OBJC_ROOT_CLASS = YES_ERROR;
				CLANG_WARN_SUSPICIOUS_MOVE = YES;
				CLANG_WARN_UNREACHABLE_CODE = YES;
				CLANG_WARN__DUPLICATE_METHOD_MATCH = YES;
				COPY_PHASE_STRIP = YES;
				ENABLE_NS_ASSERTIONS = NO;
				ENABLE_STRICT_OBJC_MSGSEND = YES;
				GCC_C_LANGUAGE_STANDARD = gnu99;
				GCC_NO_COMMON_BLOCKS = YES;
				GCC_WARN_64_TO_32_BIT_CONVERSION = YES;
				GCC_WARN_ABOUT_RETURN_TYPE = YES_ERROR;
				GCC_WARN_UNDECLARED_SELECTOR = YES;
				GCC_WARN_UNINITIALIZED_AUTOS = YES_AGGRESSIVE;
				GCC_WARN_UNUSED_FUNCTION = YES;
				GCC_WARN_UNUSED_VARIABLE = YES;
				IPHONEOS_DEPLOYMENT_TARGET = 8.0;
				MACOSX_DEPLOYMENT_TARGET = 10.10;
				SDKROOT = iphoneos;
				TARGETED_DEVICE_FAMILY = "1,2";
				VALIDATE_PRODUCT = YES;
			};
			name = Release;
		};
		DEE14D601E84464D006FA992 /* Debug */ = {
			isa = XCBuildConfiguration;
			baseConfigurationReference = 8D6342869F0562D44DB08B3E /* Pods-Core_Example_iOS.debug.xcconfig */;
			buildSettings = {
				ASSETCATALOG_COMPILER_APPICON_NAME = AppIcon;
				CLANG_ANALYZER_NONNULL = YES;
				CLANG_WARN_DOCUMENTATION_COMMENTS = YES;
				"CODE_SIGN_IDENTITY[sdk=iphoneos*]" = "iPhone Developer";
				CODE_SIGN_STYLE = Automatic;
				DEBUG_INFORMATION_FORMAT = dwarf;
				DEVELOPMENT_TEAM = EQHXZ8M8AV;
				INFOPLIST_FILE = "$(SRCROOT)/Core/App/iOS/Core-Info.plist";
				LD_RUNPATH_SEARCH_PATHS = "$(inherited) @executable_path/Frameworks";
				MTL_ENABLE_DEBUG_INFO = YES;
				PRODUCT_BUNDLE_IDENTIFIER = "com.google.Core-Example-iOS";
				PRODUCT_NAME = "$(TARGET_NAME)";
				PROVISIONING_PROFILE_SPECIFIER = "";
			};
			name = Debug;
		};
		DEE14D611E84464D006FA992 /* Release */ = {
			isa = XCBuildConfiguration;
			baseConfigurationReference = 9F0AFFA90A9C1A9D334B0564 /* Pods-Core_Example_iOS.release.xcconfig */;
			buildSettings = {
				ASSETCATALOG_COMPILER_APPICON_NAME = AppIcon;
				CLANG_ANALYZER_NONNULL = YES;
				CLANG_WARN_DOCUMENTATION_COMMENTS = YES;
				"CODE_SIGN_IDENTITY[sdk=iphoneos*]" = "iPhone Developer";
				CODE_SIGN_STYLE = Automatic;
				COPY_PHASE_STRIP = NO;
				DEBUG_INFORMATION_FORMAT = "dwarf-with-dsym";
				DEVELOPMENT_TEAM = EQHXZ8M8AV;
				INFOPLIST_FILE = "$(SRCROOT)/Core/App/iOS/Core-Info.plist";
				LD_RUNPATH_SEARCH_PATHS = "$(inherited) @executable_path/Frameworks";
				MTL_ENABLE_DEBUG_INFO = NO;
				PRODUCT_BUNDLE_IDENTIFIER = "com.google.Core-Example-iOS";
				PRODUCT_NAME = "$(TARGET_NAME)";
				PROVISIONING_PROFILE_SPECIFIER = "";
			};
			name = Release;
		};
/* End XCBuildConfiguration section */

/* Begin XCConfigurationList section */
		6003F585195388D10070C39A /* Build configuration list for PBXProject "Firebase" */ = {
			isa = XCConfigurationList;
			buildConfigurations = (
				6003F5BD195388D20070C39A /* Debug */,
				6003F5BE195388D20070C39A /* Release */,
			);
			defaultConfigurationIsVisible = 0;
			defaultConfigurationName = Release;
		};
		DEE14D641E84464D006FA992 /* Build configuration list for PBXNativeTarget "Core_Example_iOS" */ = {
			isa = XCConfigurationList;
			buildConfigurations = (
				DEE14D601E84464D006FA992 /* Debug */,
				DEE14D611E84464D006FA992 /* Release */,
			);
			defaultConfigurationIsVisible = 0;
			defaultConfigurationName = Release;
		};
/* End XCConfigurationList section */
	};
	rootObject = 6003F582195388D10070C39A /* Project object */;
}
